
Microsoft Visual Studio Solution File, Format Version 12.00
# Visual Studio 2013
VisualStudioVersion = 12.0.31101.0
MinimumVisualStudioVersion = 10.0.40219.1
Project("{FAE04EC0-301F-11D3-BF4B-00C04F79EFBC}") = "ElectronicStore", "ElectronicStore.csproj", "{86D9E381-6950-4111-8AF9-EF1D13547E79}"
	ProjectSection(ProjectDependencies) = postProject
		{AA2ABFA4-4CEA-4E29-BE89-C98B4E1ADD0D} = {AA2ABFA4-4CEA-4E29-BE89-C98B4E1ADD0D}
		{4D71D3C3-5149-42D1-9894-386E677DB692} = {4D71D3C3-5149-42D1-9894-386E677DB692}
	EndProjectSection
EndProject
Project("{FAE04EC0-301F-11D3-BF4B-00C04F79EFBC}") = "Model", "..\Model\Model.csproj", "{AA2ABFA4-4CEA-4E29-BE89-C98B4E1ADD0D}"
EndProject
Project("{FAE04EC0-301F-11D3-BF4B-00C04F79EFBC}") = "Business", "..\Business\Business.csproj", "{4D71D3C3-5149-42D1-9894-386E677DB692}"
	ProjectSection(ProjectDependencies) = postProject
		{AA2ABFA4-4CEA-4E29-BE89-C98B4E1ADD0D} = {AA2ABFA4-4CEA-4E29-BE89-C98B4E1ADD0D}
	EndProjectSection
EndProject
Project("{2150E333-8FDC-42A3-9474-1A3956D46DE8}") = ".nuget", ".nuget", "{A6C83D40-A3ED-4EAF-88D1-3A252AB92BA9}"
	ProjectSection(SolutionItems) = preProject
		.nuget\NuGet.Config = .nuget\NuGet.Config
		.nuget\NuGet.exe = .nuget\NuGet.exe
		.nuget\NuGet.targets = .nuget\NuGet.targets
	EndProjectSection
EndProject
Global
	GlobalSection(SubversionScc) = preSolution
		Svn-Managed = True
		Manager = AnkhSVN - Subversion Support for Visual Studio
	EndGlobalSection
	GlobalSection(SolutionConfigurationPlatforms) = preSolution
		Debug|Any CPU = Debug|Any CPU
		Release|Any CPU = Release|Any CPU
	EndGlobalSection
	GlobalSection(ProjectConfigurationPlatforms) = postSolution
		{86D9E381-6950-4111-8AF9-EF1D13547E79}.Debug|Any CPU.ActiveCfg = Debug|Any CPU
		{86D9E381-6950-4111-8AF9-EF1D13547E79}.Debug|Any CPU.Build.0 = Debug|Any CPU
		{86D9E381-6950-4111-8AF9-EF1D13547E79}.Release|Any CPU.ActiveCfg = Release|Any CPU
		{86D9E381-6950-4111-8AF9-EF1D13547E79}.Release|Any CPU.Build.0 = Release|Any CPU
		{AA2ABFA4-4CEA-4E29-BE89-C98B4E1ADD0D}.Debug|Any CPU.ActiveCfg = Debug|Any CPU
		{AA2ABFA4-4CEA-4E29-BE89-C98B4E1ADD0D}.Debug|Any CPU.Build.0 = Debug|Any CPU
		{AA2ABFA4-4CEA-4E29-BE89-C98B4E1ADD0D}.Release|Any CPU.ActiveCfg = Release|Any CPU
		{AA2ABFA4-4CEA-4E29-BE89-C98B4E1ADD0D}.Release|Any CPU.Build.0 = Release|Any CPU
		{4D71D3C3-5149-42D1-9894-386E677DB692}.Debug|Any CPU.ActiveCfg = Debug|Any CPU
		{4D71D3C3-5149-42D1-9894-386E677DB692}.Debug|Any CPU.Build.0 = Debug|Any CPU
		{4D71D3C3-5149-42D1-9894-386E677DB692}.Release|Any CPU.ActiveCfg = Release|Any CPU
		{4D71D3C3-5149-42D1-9894-386E677DB692}.Release|Any CPU.Build.0 = Release|Any CPU
	EndGlobalSection
	GlobalSection(SolutionProperties) = preSolution
		HideSolutionNode = FALSE
	EndGlobalSection
EndGlobal
